
Microsoft Visual Studio Solution File, Format Version 12.00
# Visual Studio Version 17
VisualStudioVersion = 17.14.36310.24
MinimumVisualStudioVersion = 10.0.40219.1
Project("{FAE04EC0-301F-11D3-BF4B-00C04F79EFBC}") = "SampleApp", "SampleApp.csproj", "{811A6DA4-8A63-41D0-9D3E-09EA8CA51A35}"
EndProject
Global
	GlobalSection(SolutionConfigurationPlatforms) = preSolution
		Debug|x64 = Debug|x64
		Release|x64 = Release|x64
	EndGlobalSection
	GlobalSection(ProjectConfigurationPlatforms) = postSolution
		{811A6DA4-8A63-41D0-9D3E-09EA8CA51A35}.Debug|x64.ActiveCfg = Debug|x64
		{811A6DA4-8A63-41D0-9D3E-09EA8CA51A35}.Debug|x64.Build.0 = Debug|x64
		{811A6DA4-8A63-41D0-9D3E-09EA8CA51A35}.Release|x64.ActiveCfg = Release|x64
		{811A6DA4-8A63-41D0-9D3E-09EA8CA51A35}.Release|x64.Build.0 = Release|x64
	EndGlobalSection
	GlobalSection(SolutionProperties) = preSolution
		HideSolutionNode = FALSE
	EndGlobalSection
	GlobalSection(ExtensibilityGlobals) = postSolution
		SolutionGuid = {B8504624-1B27-4665-BB34-5D3560068970}
	EndGlobalSection
EndGlobal
